{
  "version": 1,
  "dependencies": {
    "net8.0": {
      "Microsoft.AspNetCore.Cryptography.Internal": {
        "type": "Transitive",
        "resolved": "8.0.26",
        "contentHash": "v2y+Rk86RjlKEB7UG53Y538p0W9jItF0GS+cixl5x3UXEZ08P/Jja35G2CQLKkOgc9WIQSArw9gXmkGxHnDdWA=="
      },
      "Microsoft.AspNetCore.Cryptography.KeyDerivation": {
        "type": "Transitive",
        "resolved": "8.0.26",
        "contentHash": "TaK5LqMJRZTJPMqO6nWDSdMibrRzf7csP43qTgI8WpPuxhZX+uKIyHiUlXWfcqhQo5iNfDu2AGbOnnW/5mQE+g==",
        "dependencies": {
          "Microsoft.AspNetCore.Cryptography.Internal": "8.0.26"
        }
      },
      "Microsoft.AspNetCore.Identity.EntityFrameworkCore": {
        "type": "Transitive",
        "resolved": "8.0.26",
        "contentHash": "Bd6GaMcAMfiv9Ya+7ll4x4xomFTTdTgLBZ8zbHuSbjc5ZDjqzDvlBLzQvsb2mbiYbV/kxYidqE7/Ep+I8IXqqA==",
        "dependencies": {
          "Microsoft.EntityFrameworkCore.Relational": "8.0.26",
          "Microsoft.Extensions.Identity.Stores": "8.0.26"
        }
      },
      "Microsoft.EntityFrameworkCore": {
        "type": "Transitive",
        "resolved": "8.0.26",
        "contentHash": "lOBe7qWbtS4UBPZCDjwbDqDgJFgnPHA5duKEae0RrW67q3EyX3mnE3vPdJ3pFWtTFPcCX0V/7wFX/xE4SkJ2og==",
        "dependencies": {
          "Microsoft.EntityFrameworkCore.Abstractions": "8.0.26",
          "Microsoft.EntityFrameworkCore.Analyzers": "8.0.26",
          "Microsoft.Extensions.Caching.Memory": "8.0.1",
          "Microsoft.Extensions.Logging": "8.0.1"
        }
      },
      "Microsoft.EntityFrameworkCore.Abstractions": {
        "type": "Transitive",
        "resolved": "8.0.26",
        "contentHash": "UVXlDz6os+VLpCjEcCjxexXyrxlq7vM3OD2KnyQlnzM9Q8WCsKNI+1PJiR2B6Em+yDCROSHy1jPNXaqxrzrCPQ=="
      },
      "Microsoft.EntityFrameworkCore.Analyzers": {
        "type": "Transitive",
        "resolved": "8.0.26",
        "contentHash": "uKIwY5fy7Xk3BrWMxryYyzQuzQxmhQADjZqXanXa27vE3vll8QHcUZuI1J1vyPu0bzyBITGdw9nJKDCsJmIHjg=="
      },
      "Microsoft.EntityFrameworkCore.Relational": {
        "type": "Transitive",
        "resolved": "8.0.26",
        "contentHash": "u9+JYECGPFyEtfsym+e8inVb9e0vnp+Nn80aTOmUj/AxdJ7GqM9lvO/CSgDs7BtDtMFwjK+r8h977zsXbSzT+Q==",
        "dependencies": {
          "Microsoft.EntityFrameworkCore": "8.0.26",
          "Microsoft.Extensions.Configuration.Abstractions": "8.0.0"
        }
      },
      "Microsoft.Extensions.Caching.Abstractions": {
        "type": "Transitive",
        "resolved": "8.0.0",
        "contentHash": "3KuSxeHoNYdxVYfg2IRZCThcrlJ1XJqIXkAWikCsbm5C/bCjv7G0WoKDyuR98Q+T607QT2Zl5GsbGRkENcV2yQ==",
        "dependencies": {
          "Microsoft.Extensions.Primitives": "8.0.0"
        }
      },
      "Microsoft.Extensions.Caching.Memory": {
        "type": "Transitive",
        "resolved": "8.0.1",
        "contentHash": "HFDnhYLccngrzyGgHkjEDU5FMLn4MpOsr5ElgsBMC4yx6lJh4jeWO7fHS8+TXPq+dgxCmUa/Trl8svObmwW4QA==",
        "dependencies": {
          "Microsoft.Extensions.Caching.Abstractions": "8.0.0",
          "Microsoft.Extensions.DependencyInjection.Abstractions": "8.0.2",
          "Microsoft.Extensions.Logging.Abstractions": "8.0.2",
          "Microsoft.Extensions.Options": "8.0.2",
          "Microsoft.Extensions.Primitives": "8.0.0"
        }
      },
      "Microsoft.Extensions.Configuration.Abstractions": {
        "type": "Transitive",
        "resolved": "8.0.0",
        "contentHash": "3lE/iLSutpgX1CC0NOW70FJoGARRHbyKmG7dc0klnUZ9Dd9hS6N/POPWhKhMLCEuNN5nXEY5agmlFtH562vqhQ==",
        "dependencies": {
          "Microsoft.Extensions.Primitives": "8.0.0"
        }
      },
      "Microsoft.Extensions.DependencyInjection": {
        "type": "Transitive",
        "resolved": "8.0.1",
        "contentHash": "BmANAnR5Xd4Oqw7yQ75xOAYODybZQRzdeNucg7kS5wWKd2PNnMdYtJ2Vciy0QLylRmv42DGl5+AFL9izA6F1Rw==",
        "dependencies": {
          "Microsoft.Extensions.DependencyInjection.Abstractions": "8.0.2"
        }
      },
      "Microsoft.Extensions.DependencyInjection.Abstractions": {
        "type": "Transitive",
        "resolved": "8.0.2",
        "contentHash": "3iE7UF7MQkCv1cxzCahz+Y/guQbTqieyxyaWKhrRO91itI9cOKO76OHeQDahqG4MmW5umr3CcCvGmK92lWNlbg=="
      },
      "Microsoft.Extensions.Identity.Core": {
        "type": "Transitive",
        "resolved": "8.0.26",
        "contentHash": "rVbkLeiyurniliMYXYpeTp1KiJuF1VEPBL0/fNWA7YqRADcMI7qxaKgl1RHh1N5sHL/aA7dwMWhiYD+e7bIXGw==",
        "dependencies": {
          "Microsoft.AspNetCore.Cryptography.KeyDerivation": "8.0.26",
          "Microsoft.Extensions.Logging": "8.0.1",
          "Microsoft.Extensions.Options": "8.0.2"
        }
      },
      "Microsoft.Extensions.Identity.Stores": {
        "type": "Transitive",
        "resolved": "8.0.26",
        "contentHash": "J4WeYSmQ5I5NrHpC/qnaCjRz0sLDMpJ4wU77whsh28BZ3mIM9qItTLKDY7ORCteEGxA2E80t3w7MizSvKJ04MA==",
        "dependencies": {
          "Microsoft.Extensions.Caching.Abstractions": "8.0.0",
          "Microsoft.Extensions.Identity.Core": "8.0.26",
          "Microsoft.Extensions.Logging": "8.0.1"
        }
      },
      "Microsoft.Extensions.Logging": {
        "type": "Transitive",
        "resolved": "8.0.1",
        "contentHash": "4x+pzsQEbqxhNf1QYRr5TDkLP9UsLT3A6MdRKDDEgrW7h1ljiEPgTNhKYUhNCCAaVpQECVQ+onA91PTPnIp6Lw==",
        "dependencies": {
          "Microsoft.Extensions.DependencyInjection": "8.0.1",
          "Microsoft.Extensions.Logging.Abstractions": "8.0.2",
          "Microsoft.Extensions.Options": "8.0.2"
        }
      },
      "Microsoft.Extensions.Logging.Abstractions": {
        "type": "Transitive",
        "resolved": "8.0.2",
        "contentHash": "nroMDjS7hNBPtkZqVBbSiQaQjWRDxITI8Y7XnDs97rqG3EbzVTNLZQf7bIeUJcaHOV8bca47s1Uxq94+2oGdxA==",
        "dependencies": {
          "Microsoft.Extensions.DependencyInjection.Abstractions": "8.0.2"
        }
      },
      "Microsoft.Extensions.Options": {
        "type": "Transitive",
        "resolved": "8.0.2",
        "contentHash": "dWGKvhFybsaZpGmzkGCbNNwBD1rVlWzrZKANLW/CcbFJpCEceMCGzT7zZwHOGBCbwM0SzBuceMj5HN1LKV1QqA==",
        "dependencies": {
          "Microsoft.Extensions.DependencyInjection.Abstractions": "8.0.0",
          "Microsoft.Extensions.Primitives": "8.0.0"
        }
      },
      "Microsoft.Extensions.Primitives": {
        "type": "Transitive",
        "resolved": "8.0.0",
        "contentHash": "bXJEZrW9ny8vjMF1JV253WeLhpEVzFo1lyaZu1vQ4ZxWUlVvknZ/+ftFgVheLubb4eZPSwwxBeqS1JkCOjxd8g=="
      },
      "Microsoft.IdentityModel.Abstractions": {
        "type": "Transitive",
        "resolved": "7.6.2",
        "contentHash": "ULeyJwfYTMHOAArrBZorjPyM/BL5PFfwRzDtxlOxawO9vB/wVmHmbzZnOyHCOLJjel7XiVNmVnAs3H0jh4/9jQ=="
      },
      "Microsoft.IdentityModel.JsonWebTokens": {
        "type": "Transitive",
        "resolved": "7.6.2",
        "contentHash": "ySbY72MsWw7BnSZw0fCsmp/oMou8ntJkfuZUBcplV3ncXMzxcXCn3fK6Gg2YLnTT6F2G9JXl9zc2lwfVfGOWEA==",
        "dependencies": {
          "Microsoft.IdentityModel.Tokens": "7.6.2"
        }
      },
      "Microsoft.IdentityModel.Logging": {
        "type": "Transitive",
        "resolved": "7.6.2",
        "contentHash": "0brV311MYxGz7Numa+pbVsxbz5tfe2nbAig1b5tQb3h/L1y5lkoPyOgD0qAfI0iX1njbwr8l9NdxIT1cDbzWKA==",
        "dependencies": {
          "Microsoft.IdentityModel.Abstractions": "7.6.2"
        }
      },
      "Microsoft.IdentityModel.Tokens": {
        "type": "Transitive",
        "resolved": "7.6.2",
        "contentHash": "pLnhCq9UNKWkn83zutkObYuzA+sOzx6VZpPI8hB8gD/vAXVt14D0SJ0sKPftwufvAbYGSNRda1vw/IFLbkjxNg==",
        "dependencies": {
          "Microsoft.IdentityModel.Logging": "7.6.2"
        }
      },
      "System.IdentityModel.Tokens.Jwt": {
        "type": "Transitive",
        "resolved": "7.6.2",
        "contentHash": "dyvPIzxohovbECESKj9ep7yShujU5oN9dKYR3ivvoTM7nLANNrBC5jN9ysZfY5Hp/Xs0R1b79IsdHuu6D4xwow==",
        "dependencies": {
          "Microsoft.IdentityModel.JsonWebTokens": "7.6.2",
          "Microsoft.IdentityModel.Tokens": "7.6.2"
        }
      },
      "goodhamburger.domain": {
        "type": "Project"
      },
      "goodhamburger.infra.identity": {
        "type": "Project",
        "dependencies": {
          "Microsoft.AspNetCore.Identity.EntityFrameworkCore": "[8.0.26, )",
          "Microsoft.IdentityModel.Tokens": "[7.6.2, )",
          "System.IdentityModel.Tokens.Jwt": "[7.6.2, )"
        }
      }
    }
  }
}